
Microsoft Visual Studio Solution File, Format Version 12.00
# Visual Studio Version 16
VisualStudioVersion = 16.0.31019.35
MinimumVisualStudioVersion = 10.0.40219.1
Project("{9A19103F-16F7-4668-BE54-9A1E7A4F7556}") = "RTSPDetector.WindowsService", "RTSPDetector\RTSPDetector.WindowsService.csproj", "{E97F4803-5D65-4A9C-9C48-23B39FA87014}"
EndProject
Project("{FAE04EC0-301F-11D3-BF4B-00C04F79EFBC}") = "RTSPDetector.Camera", "RTSPDetector.Camera\RTSPDetector.Camera.csproj", "{777C3B25-5CB8-4ED2-A0E6-98763600E7EE}"
EndProject
Project("{FAE04EC0-301F-11D3-BF4B-00C04F79EFBC}") = "RTSPDetector.Core", "RTSPDetector.Core\RTSPDetector.Core.csproj", "{F9C95AAC-132D-4A86-9D7A-7181152333B0}"
EndProject
Global
	GlobalSection(SolutionConfigurationPlatforms) = preSolution
		Debug|Any CPU = Debug|Any CPU
		Release|Any CPU = Release|Any CPU
	EndGlobalSection
	GlobalSection(ProjectConfigurationPlatforms) = postSolution
		{E97F4803-5D65-4A9C-9C48-23B39FA87014}.Debug|Any CPU.ActiveCfg = Debug|Any CPU
		{E97F4803-5D65-4A9C-9C48-23B39FA87014}.Debug|Any CPU.Build.0 = Debug|Any CPU
		{E97F4803-5D65-4A9C-9C48-23B39FA87014}.Release|Any CPU.ActiveCfg = Release|Any CPU
		{E97F4803-5D65-4A9C-9C48-23B39FA87014}.Release|Any CPU.Build.0 = Release|Any CPU
		{777C3B25-5CB8-4ED2-A0E6-98763600E7EE}.Debug|Any CPU.ActiveCfg = Debug|Any CPU
		{777C3B25-5CB8-4ED2-A0E6-98763600E7EE}.Debug|Any CPU.Build.0 = Debug|Any CPU
		{777C3B25-5CB8-4ED2-A0E6-98763600E7EE}.Release|Any CPU.ActiveCfg = Release|Any CPU
		{777C3B25-5CB8-4ED2-A0E6-98763600E7EE}.Release|Any CPU.Build.0 = Release|Any CPU
		{F9C95AAC-132D-4A86-9D7A-7181152333B0}.Debug|Any CPU.ActiveCfg = Debug|Any CPU
		{F9C95AAC-132D-4A86-9D7A-7181152333B0}.Debug|Any CPU.Build.0 = Debug|Any CPU
		{F9C95AAC-132D-4A86-9D7A-7181152333B0}.Release|Any CPU.ActiveCfg = Release|Any CPU
		{F9C95AAC-132D-4A86-9D7A-7181152333B0}.Release|Any CPU.Build.0 = Release|Any CPU
	EndGlobalSection
	GlobalSection(SolutionProperties) = preSolution
		HideSolutionNode = FALSE
	EndGlobalSection
	GlobalSection(ExtensibilityGlobals) = postSolution
		SolutionGuid = {58D0028C-0306-4BFF-BB3D-B666A501C17C}
	EndGlobalSection
EndGlobal
